{
  "nodes": {
    "buffer-manager": {
      "flake": false,
      "locked": {
        "lastModified": 1731918840,
        "narHash": "sha256-Z1F9+KUs2QEqnKGngOBkE4P3cjEZxW4WF0SPEtc4vkI=",
        "owner": "j-morano",
        "repo": "buffer_manager.nvim",
        "rev": "f196217f7c1ddae74ed51dfc2c3befe6d62b26d1",
        "type": "github"
      },
      "original": {
        "owner": "j-morano",
        "repo": "buffer_manager.nvim",
        "type": "github"
      }
    },
    "calendar": {
      "flake": false,
      "locked": {
        "lastModified": 1677764960,
        "narHash": "sha256-I/YqDiajmKnheQ4vAA6x+sGkCaAWeIn1MEYvffEbR0Y=",
        "owner": "itchyny",
        "repo": "calendar.vim",
        "rev": "66e6d0955efb6beb68912dce3ff484e8805d975c",
        "type": "github"
      },
      "original": {
        "owner": "itchyny",
        "repo": "calendar.vim",
        "type": "github"
      }
    },
    "devshell": {
      "inputs": {
        "nixpkgs": [
          "nixvim",
          "nixpkgs"
        ]
      },
      "locked": {
        "lastModified": 1735644329,
        "narHash": "sha256-tO3HrHriyLvipc4xr+Ewtdlo7wM1OjXNjlWRgmM7peY=",
        "owner": "numtide",
        "repo": "devshell",
        "rev": "f7795ede5b02664b57035b3b757876703e2c3eac",
        "type": "github"
      },
      "original": {
        "owner": "numtide",
        "repo": "devshell",
        "type": "github"
      }
    },
    "flake-compat": {
      "locked": {
        "lastModified": 1733328505,
        "narHash": "sha256-NeCCThCEP3eCl2l/+27kNNK7QrwZB1IJCrXfrbv5oqU=",
        "rev": "ff81ac966bb2cae68946d5ed5fc4994f96d0ffec",
        "revCount": 69,
        "type": "tarball",
        "url": "https://api.flakehub.com/f/pinned/edolstra/flake-compat/1.1.0/01948eb7-9cba-704f-bbf3-3fa956735b52/source.tar.gz"
      },
      "original": {
        "type": "tarball",
        "url": "https://flakehub.com/f/edolstra/flake-compat/1.tar.gz"
      }
    },
    "flake-parts": {
      "inputs": {
        "nixpkgs-lib": "nixpkgs-lib"
      },
      "locked": {
        "lastModified": 1736143030,
        "narHash": "sha256-+hu54pAoLDEZT9pjHlqL9DNzWz0NbUn8NEAHP7PQPzU=",
        "owner": "hercules-ci",
        "repo": "flake-parts",
        "rev": "b905f6fc23a9051a6e1b741e1438dbfc0634c6de",
        "type": "github"
      },
      "original": {
        "owner": "hercules-ci",
        "repo": "flake-parts",
        "type": "github"
      }
    },
    "flake-parts_2": {
      "inputs": {
        "nixpkgs-lib": [
          "nixvim",
          "nixpkgs"
        ]
      },
      "locked": {
        "lastModified": 1736143030,
        "narHash": "sha256-+hu54pAoLDEZT9pjHlqL9DNzWz0NbUn8NEAHP7PQPzU=",
        "owner": "hercules-ci",
        "repo": "flake-parts",
        "rev": "b905f6fc23a9051a6e1b741e1438dbfc0634c6de",
        "type": "github"
      },
      "original": {
        "owner": "hercules-ci",
        "repo": "flake-parts",
        "type": "github"
      }
    },
    "flake-utils": {
      "inputs": {
        "systems": "systems"
      },
      "locked": {
        "lastModified": 1731533236,
        "narHash": "sha256-l0KFg5HjrsfsO/JpG+r7fRrqm12kzFHyUHqHCVpMMbI=",
        "owner": "numtide",
        "repo": "flake-utils",
        "rev": "11707dc2f618dd54ca8739b309ec4fc024de578b",
        "type": "github"
      },
      "original": {
        "owner": "numtide",
        "repo": "flake-utils",
        "type": "github"
      }
    },
    "git-hooks": {
      "inputs": {
        "flake-compat": [
          "nixvim",
          "flake-compat"
        ],
        "gitignore": "gitignore",
        "nixpkgs": [
          "nixvim",
          "nixpkgs"
        ]
      },
      "locked": {
        "lastModified": 1737465171,
        "narHash": "sha256-R10v2hoJRLq8jcL4syVFag7nIGE7m13qO48wRIukWNg=",
        "owner": "cachix",
        "repo": "git-hooks.nix",
        "rev": "9364dc02281ce2d37a1f55b6e51f7c0f65a75f17",
        "type": "github"
      },
      "original": {
        "owner": "cachix",
        "repo": "git-hooks.nix",
        "type": "github"
      }
    },
    "gitignore": {
      "inputs": {
        "nixpkgs": [
          "nixvim",
          "git-hooks",
          "nixpkgs"
        ]
      },
      "locked": {
        "lastModified": 1709087332,
        "narHash": "sha256-HG2cCnktfHsKV0s4XW83gU3F57gaTljL9KNSuG6bnQs=",
        "owner": "hercules-ci",
        "repo": "gitignore.nix",
        "rev": "637db329424fd7e46cf4185293b9cc8c88c95394",
        "type": "github"
      },
      "original": {
        "owner": "hercules-ci",
        "repo": "gitignore.nix",
        "type": "github"
      }
    },
    "home-manager": {
      "inputs": {
        "nixpkgs": [
          "nixvim",
          "nixpkgs"
        ]
      },
      "locked": {
        "lastModified": 1737762889,
        "narHash": "sha256-5HGG09bh/Yx0JA8wtBMAzt0HMCL1bYZ93x4IqzVExio=",
        "owner": "nix-community",
        "repo": "home-manager",
        "rev": "daf04c5950b676f47a794300657f1d3d14c1a120",
        "type": "github"
      },
      "original": {
        "owner": "nix-community",
        "repo": "home-manager",
        "type": "github"
      }
    },
    "ixx": {
      "inputs": {
        "flake-utils": [
          "nixvim",
          "nuschtosSearch",
          "flake-utils"
        ],
        "nixpkgs": [
          "nixvim",
          "nuschtosSearch",
          "nixpkgs"
        ]
      },
      "locked": {
        "lastModified": 1729958008,
        "narHash": "sha256-EiOq8jF4Z/zQe0QYVc3+qSKxRK//CFHMB84aYrYGwEs=",
        "owner": "NuschtOS",
        "repo": "ixx",
        "rev": "9fd01aad037f345350eab2cd45e1946cc66da4eb",
        "type": "github"
      },
      "original": {
        "owner": "NuschtOS",
        "ref": "v0.0.6",
        "repo": "ixx",
        "type": "github"
      }
    },
    "md-pdf": {
      "flake": false,
      "locked": {
        "lastModified": 1737402564,
        "narHash": "sha256-YBDgnm5sy4md8LfBL/ifZIBz2EdKb2YRvLcAn/M6D1s=",
        "owner": "arminveres",
        "repo": "md-pdf.nvim",
        "rev": "661aa71a3ec4278b8681c36b2645c300c6faf489",
        "type": "github"
      },
      "original": {
        "owner": "arminveres",
        "repo": "md-pdf.nvim",
        "type": "github"
      }
    },
    "minty": {
      "flake": false,
      "locked": {
        "lastModified": 1732979777,
        "narHash": "sha256-U6IxF/i1agIGzcePYg/k388GdemBtA7igBUMwyQ3d3I=",
        "owner": "NvChad",
        "repo": "minty",
        "rev": "6dce9f097667862537823d515a0250ce58faab05",
        "type": "github"
      },
      "original": {
        "owner": "NvChad",
        "repo": "minty",
        "type": "github"
      }
    },
    "nix-darwin": {
      "inputs": {
        "nixpkgs": [
          "nixvim",
          "nixpkgs"
        ]
      },
      "locked": {
        "lastModified": 1737504076,
        "narHash": "sha256-/B4XJnzYU/6K1ZZOBIgsa3K4pqDJrnC2579c44c+4rI=",
        "owner": "lnl7",
        "repo": "nix-darwin",
        "rev": "65cc1fa8e36ceff067daf6cfb142331f02f524d3",
        "type": "github"
      },
      "original": {
        "owner": "lnl7",
        "repo": "nix-darwin",
        "type": "github"
      }
    },
    "nixpkgs": {
      "locked": {
        "lastModified": 1737885589,
        "narHash": "sha256-Zf0hSrtzaM1DEz8//+Xs51k/wdSajticVrATqDrfQjg=",
        "owner": "NixOS",
        "repo": "nixpkgs",
        "rev": "852ff1d9e153d8875a83602e03fdef8a63f0ecf8",
        "type": "github"
      },
      "original": {
        "owner": "NixOS",
        "ref": "nixos-unstable",
        "repo": "nixpkgs",
        "type": "github"
      }
    },
    "nixpkgs-lib": {
      "locked": {
        "lastModified": 1735774519,
        "narHash": "sha256-CewEm1o2eVAnoqb6Ml+Qi9Gg/EfNAxbRx1lANGVyoLI=",
        "type": "tarball",
        "url": "https://github.com/NixOS/nixpkgs/archive/e9b51731911566bbf7e4895475a87fe06961de0b.tar.gz"
      },
      "original": {
        "type": "tarball",
        "url": "https://github.com/NixOS/nixpkgs/archive/e9b51731911566bbf7e4895475a87fe06961de0b.tar.gz"
      }
    },
    "nixvim": {
      "inputs": {
        "devshell": "devshell",
        "flake-compat": "flake-compat",
        "flake-parts": "flake-parts_2",
        "git-hooks": "git-hooks",
        "home-manager": "home-manager",
        "nix-darwin": "nix-darwin",
        "nixpkgs": [
          "nixpkgs"
        ],
        "nuschtosSearch": "nuschtosSearch",
        "treefmt-nix": "treefmt-nix"
      },
      "locked": {
        "lastModified": 1737914312,
        "narHash": "sha256-PBF4R+yQt5Sls7CsA9Miwx28XtOP/yqaqejZ3RKSes0=",
        "owner": "nix-community",
        "repo": "nixvim",
        "rev": "8e5422bf3e76f410b97d2da640d0829e87657de9",
        "type": "github"
      },
      "original": {
        "owner": "nix-community",
        "repo": "nixvim",
        "type": "github"
      }
    },
    "none-ls": {
      "flake": false,
      "locked": {
        "lastModified": 1737424816,
        "narHash": "sha256-AE+M4utQEz+/ZNyOn+QiDF1LiCt2YP9yQMPw3dQ0rJQ=",
        "owner": "nvimtools",
        "repo": "none-ls.nvim",
        "rev": "ed8f80849ef1ad31c2f74679fafdef7801091247",
        "type": "github"
      },
      "original": {
        "owner": "nvimtools",
        "repo": "none-ls.nvim",
        "type": "github"
      }
    },
    "nuschtosSearch": {
      "inputs": {
        "flake-utils": "flake-utils",
        "ixx": "ixx",
        "nixpkgs": [
          "nixvim",
          "nixpkgs"
        ]
      },
      "locked": {
        "lastModified": 1737823349,
        "narHash": "sha256-LAppb+sftyvJbPdrBG1uN9GYWHz6q7bUpkpDjljcSRo=",
        "owner": "NuschtOS",
        "repo": "search",
        "rev": "f91a0ac0f4ecf0ad1d1d88140f66520dae6ce4bd",
        "type": "github"
      },
      "original": {
        "owner": "NuschtOS",
        "repo": "search",
        "type": "github"
      }
    },
    "nvim-window-picker": {
      "flake": false,
      "locked": {
        "lastModified": 1737719095,
        "narHash": "sha256-Ekfw2vV7sZZLYqop2U4d5Drc1CqjWLV7Nm6E1DzJsbM=",
        "owner": "s1n7ax",
        "repo": "nvim-window-picker",
        "rev": "0dfef64eaf063e1cd27983ab11a30e7bc5b74fac",
        "type": "github"
      },
      "original": {
        "owner": "s1n7ax",
        "repo": "nvim-window-picker",
        "type": "github"
      }
    },
    "root": {
      "inputs": {
        "buffer-manager": "buffer-manager",
        "calendar": "calendar",
        "flake-parts": "flake-parts",
        "md-pdf": "md-pdf",
        "minty": "minty",
        "nixpkgs": "nixpkgs",
        "nixvim": "nixvim",
        "none-ls": "none-ls",
        "nvim-window-picker": "nvim-window-picker",
        "tokyodark": "tokyodark",
        "typr": "typr",
        "volt": "volt",
        "windows": "windows",
        "windows-a": "windows-a",
        "windows-mc": "windows-mc"
      }
    },
    "systems": {
      "locked": {
        "lastModified": 1681028828,
        "narHash": "sha256-Vy1rq5AaRuLzOxct8nz4T6wlgyUR7zLU309k9mBC768=",
        "owner": "nix-systems",
        "repo": "default",
        "rev": "da67096a3b9bf56a91d16901293e51ba5b49a27e",
        "type": "github"
      },
      "original": {
        "owner": "nix-systems",
        "repo": "default",
        "type": "github"
      }
    },
    "tokyodark": {
      "flake": false,
      "locked": {
        "lastModified": 1735789280,
        "narHash": "sha256-pEnA8s1666HYnHkpN1Xtni+W8vVy+AeUr5z7WY2RLo4=",
        "owner": "tiagovla",
        "repo": "tokyodark.nvim",
        "rev": "cc70a2fb809d5376f2bd8e5836f9bb3f5fb8ef43",
        "type": "github"
      },
      "original": {
        "owner": "tiagovla",
        "repo": "tokyodark.nvim",
        "type": "github"
      }
    },
    "treefmt-nix": {
      "inputs": {
        "nixpkgs": [
          "nixvim",
          "nixpkgs"
        ]
      },
      "locked": {
        "lastModified": 1737483750,
        "narHash": "sha256-5An1wq5U8sNycOBBg3nsDDgpwBmR9liOpDGlhliA6Xo=",
        "owner": "numtide",
        "repo": "treefmt-nix",
        "rev": "f2cc121df15418d028a59c9737d38e3a90fbaf8f",
        "type": "github"
      },
      "original": {
        "owner": "numtide",
        "repo": "treefmt-nix",
        "type": "github"
      }
    },
    "typr": {
      "flake": false,
      "locked": {
        "lastModified": 1737817488,
        "narHash": "sha256-cac75t8BvwAVf7OMasbBTPvMNc5HZE2sF4CeuRJG4lU=",
        "owner": "nvzone",
        "repo": "typr",
        "rev": "6176311cf177063acae55dc9b0c167f13b559a8f",
        "type": "github"
      },
      "original": {
        "owner": "nvzone",
        "repo": "typr",
        "type": "github"
      }
    },
    "volt": {
      "flake": false,
      "locked": {
        "lastModified": 1737688389,
        "narHash": "sha256-4KFGlFcaV+X98gK+VeR0spceDpy108wk19LYd/oUXc0=",
        "owner": "NvChad",
        "repo": "volt",
        "rev": "1a7d6b1dfb2f176715ccc9e838be32d044f8a734",
        "type": "github"
      },
      "original": {
        "owner": "NvChad",
        "repo": "volt",
        "type": "github"
      }
    },
    "windows": {
      "flake": false,
      "locked": {
        "lastModified": 1673907386,
        "narHash": "sha256-Nfzd8kFqA83/0RfMUAYF4XXqhihyb22OnxDBrWW1nzU=",
        "owner": "anuvyklack",
        "repo": "windows.nvim",
        "rev": "c7492552b23d0ab30325e90b56066ec51242adc8",
        "type": "github"
      },
      "original": {
        "owner": "anuvyklack",
        "repo": "windows.nvim",
        "type": "github"
      }
    },
    "windows-a": {
      "flake": false,
      "locked": {
        "lastModified": 1663498646,
        "narHash": "sha256-KyFzPI2B0ioIABnhC6MwaHYLcuUzSqCsmcGpMei4XXk=",
        "owner": "anuvyklack",
        "repo": "animation.nvim",
        "rev": "fb77091ab72ec9971aee0562e7081182527aaa6a",
        "type": "github"
      },
      "original": {
        "owner": "anuvyklack",
        "repo": "animation.nvim",
        "type": "github"
      }
    },
    "windows-mc": {
      "flake": false,
      "locked": {
        "lastModified": 1663692601,
        "narHash": "sha256-scJX7ovVZ6YBRp2lTP7JswyZ0smvVZneGRGBvwFsyOQ=",
        "owner": "anuvyklack",
        "repo": "middleclass",
        "rev": "9fab4d5bca67262614960960ca35c4740eb2be2c",
        "type": "github"
      },
      "original": {
        "owner": "anuvyklack",
        "repo": "middleclass",
        "type": "github"
      }
    }
  },
  "root": "root",
  "version": 7
}
